
Microsoft Visual Studio Solution File, Format Version 12.00
# Visual Studio 15
VisualStudioVersion = 15.0.28010.2003
MinimumVisualStudioVersion = 10.0.40219.1
Project("{FAE04EC0-301F-11D3-BF4B-00C04F79EFBC}") = "LemonadeStand", "LemonadeStand\LemonadeStand.csproj", "{B63CE05D-FF4D-4456-9E70-A5D886BF7765}"
EndProject
Global
	GlobalSection(SolutionConfigurationPlatforms) = preSolution
		Debug|Any CPU = Debug|Any CPU
		Release|Any CPU = Release|Any CPU
	EndGlobalSection
	GlobalSection(ProjectConfigurationPlatforms) = postSolution
		{B63CE05D-FF4D-4456-9E70-A5D886BF7765}.Debug|Any CPU.ActiveCfg = Debug|Any CPU
		{B63CE05D-FF4D-4456-9E70-A5D886BF7765}.Debug|Any CPU.Build.0 = Debug|Any CPU
		{B63CE05D-FF4D-4456-9E70-A5D886BF7765}.Release|Any CPU.ActiveCfg = Release|Any CPU
		{B63CE05D-FF4D-4456-9E70-A5D886BF7765}.Release|Any CPU.Build.0 = Release|Any CPU
	EndGlobalSection
	GlobalSection(SolutionProperties) = preSolution
		HideSolutionNode = FALSE
	EndGlobalSection
	GlobalSection(ExtensibilityGlobals) = postSolution
		SolutionGuid = {E156834B-49F2-4138-8592-DD7A6FF29C89}
	EndGlobalSection
EndGlobal
